PODS:
  - SKStyleKit (1.1.6)
  - SnapKit (5.0.1)

DEPENDENCIES:
  - SKStyleKit
  - SnapKit

SPEC REPOS:
  https://github.com/CocoaPods/Specs.git:
    - SKStyleKit
    - SnapKit

SPEC CHECKSUMS:
  SKStyleKit: 7cd1764c5e68a179651f75208b78c6d1f517cf28
  SnapKit: 97b92857e3df3a0c71833cce143274bf6ef8e5eb

PODFILE CHECKSUM: 125f612de80ffd6a870fb249e36a4fe4cdbd7486

COCOAPODS: 1.9.1
