// !$*UTF8*$!
{
	archiveVersion = 1;
	classes = {
	};
	objectVersion = 51;
	objects = {

/* Begin PBXBuildFile section */
		B60650AF24700A9E0066BCF5 /* AdMob.swift in Sources */ = {isa = PBXBuildFile; fileRef = B60650AE24700A9E0066BCF5 /* AdMob.swift */; };
		B60650B7247026980066BCF5 /* NativeAdView.xib in Resources */ = {isa = PBXBuildFile; fileRef = B60650B6247026980066BCF5 /* NativeAdView.xib */; };
		B60D4F7C24712772004C5CC6 /* StarRatingImages.swift in Sources */ = {isa = PBXBuildFile; fileRef = B60D4F7B24712772004C5CC6 /* StarRatingImages.swift */; };
		B6151F4F225A0123008A9185 /* AppDelegate.swift in Sources */ = {isa = PBXBuildFile; fileRef = B6151F4E225A0123008A9185 /* AppDelegate.swift */; };
		B6151F54225A0123008A9185 /* Main.storyboard in Resources */ = {isa = PBXBuildFile; fileRef = B6151F52225A0123008A9185 /* Main.storyboard */; };
		B6151F56225A0124008A9185 /* Assets.xcassets in Resources */ = {isa = PBXBuildFile; fileRef = B6151F55225A0124008A9185 /* Assets.xcassets */; };
		B6151F59225A0124008A9185 /* LaunchScreen.storyboard in Resources */ = {isa = PBXBuildFile; fileRef = B6151F57225A0124008A9185 /* LaunchScreen.storyboard */; };
		B6151F62225A042F008A9185 /* SquadTableViewCell.swift in Sources */ = {isa = PBXBuildFile; fileRef = B6151F60225A042F008A9185 /* SquadTableViewCell.swift */; };
		B6151F63225A042F008A9185 /* SquadTableViewCell.xib in Resources */ = {isa = PBXBuildFile; fileRef = B6151F61225A042F008A9185 /* SquadTableViewCell.xib */; };
		B6151F67225A25AB008A9185 /* PlayerIcon.xib in Resources */ = {isa = PBXBuildFile; fileRef = B6151F66225A25AB008A9185 /* PlayerIcon.xib */; };
		B6151F6B225A277D008A9185 /* PlayerIcon.swift in Sources */ = {isa = PBXBuildFile; fileRef = B6151F6A225A277D008A9185 /* PlayerIcon.swift */; };
		B655C3EA23E70AE3000E6994 /* Player.swift in Sources */ = {isa = PBXBuildFile; fileRef = B655C3E923E70AE3000E6994 /* Player.swift */; };
		B65A2FDA246597140018EC6B /* TabViewController.swift in Sources */ = {isa = PBXBuildFile; fileRef = B65A2FD8246597140018EC6B /* TabViewController.swift */; };
		B65A2FDB246597140018EC6B /* TabViewController.xib in Resources */ = {isa = PBXBuildFile; fileRef = B65A2FD9246597140018EC6B /* TabViewController.xib */; };
		B65A2FDD24659BA70018EC6B /* TabView.xib in Resources */ = {isa = PBXBuildFile; fileRef = B65A2FDC24659BA60018EC6B /* TabView.xib */; };
		B65A2FDF24659BB60018EC6B /* TabView.swift in Sources */ = {isa = PBXBuildFile; fileRef = B65A2FDE24659BB60018EC6B /* TabView.swift */; };
		B65A2FE42465A5530018EC6B /* SquadViewController.swift in Sources */ = {isa = PBXBuildFile; fileRef = B65A2FE22465A5530018EC6B /* SquadViewController.swift */; };
		B65A2FE52465A5530018EC6B /* SquadViewController.xib in Resources */ = {isa = PBXBuildFile; fileRef = B65A2FE32465A5530018EC6B /* SquadViewController.xib */; };
		B66341332467585A00E69178 /* HeaderView.swift in Sources */ = {isa = PBXBuildFile; fileRef = B66341322467585A00E69178 /* HeaderView.swift */; };
		B66341352467588500E69178 /* HeaderView.xib in Resources */ = {isa = PBXBuildFile; fileRef = B66341342467588500E69178 /* HeaderView.xib */; };
		B670FBCA24547E5500269044 /* CloudKit.framework in Frameworks */ = {isa = PBXBuildFile; fileRef = B670FBC924547E5500269044 /* CloudKit.framework */; };
		B67CB28324477C8800C97273 /* Colors.swift in Sources */ = {isa = PBXBuildFile; fileRef = B67CB28224477C8800C97273 /* Colors.swift */; };
		B680A00E2455C94A0034E0CC /* PrivateDatabase.swift in Sources */ = {isa = PBXBuildFile; fileRef = B680A00D2455C94A0034E0CC /* PrivateDatabase.swift */; };
		B680A0102455F00C0034E0CC /* Errors.swift in Sources */ = {isa = PBXBuildFile; fileRef = B680A00F2455F00C0034E0CC /* Errors.swift */; };
		B680A0132455F45F0034E0CC /* AlertPresenter.swift in Sources */ = {isa = PBXBuildFile; fileRef = B680A0122455F45F0034E0CC /* AlertPresenter.swift */; };
		B6865C0B2465AA0400284A42 /* PitchViewController.swift in Sources */ = {isa = PBXBuildFile; fileRef = B6865C092465AA0400284A42 /* PitchViewController.swift */; };
		B6865C0C2465AA0400284A42 /* PitchViewController.xib in Resources */ = {isa = PBXBuildFile; fileRef = B6865C0A2465AA0400284A42 /* PitchViewController.xib */; };
		B6865C162465AF0100284A42 /* RootViewController.swift in Sources */ = {isa = PBXBuildFile; fileRef = B6865C152465AF0100284A42 /* RootViewController.swift */; };
		B6929ECB246735320071A6D1 /* LottieAnimation.swift in Sources */ = {isa = PBXBuildFile; fileRef = B6929ECA246735320071A6D1 /* LottieAnimation.swift */; };
		B6929ECE2467367A0071A6D1 /* football_bouncing.json in Resources */ = {isa = PBXBuildFile; fileRef = B6929ECD246736790071A6D1 /* football_bouncing.json */; };
		B6AF02982447642700409AB9 /* Extensions.swift in Sources */ = {isa = PBXBuildFile; fileRef = B6AF02972447642700409AB9 /* Extensions.swift */; };
		B6CFC4B62465C31200D1F1FB /* SquadMenuView.swift in Sources */ = {isa = PBXBuildFile; fileRef = B6CFC4B52465C31200D1F1FB /* SquadMenuView.swift */; };
		B6CFC4B82465C34C00D1F1FB /* SquadMenuView.xib in Resources */ = {isa = PBXBuildFile; fileRef = B6CFC4B72465C34C00D1F1FB /* SquadMenuView.xib */; };
		B6F6DB652466DC30007978D9 /* SquadStore.swift in Sources */ = {isa = PBXBuildFile; fileRef = B6F6DB642466DC30007978D9 /* SquadStore.swift */; };
		B6F6DB692466E24D007978D9 /* MenuViewController.swift in Sources */ = {isa = PBXBuildFile; fileRef = B6F6DB672466E24D007978D9 /* MenuViewController.swift */; };
		B6F6DB6A2466E24D007978D9 /* MenuViewController.xib in Resources */ = {isa = PBXBuildFile; fileRef = B6F6DB682466E24D007978D9 /* MenuViewController.xib */; };
		B6F6DB6D2466E6C3007978D9 /* MenuTableViewCell.swift in Sources */ = {isa = PBXBuildFile; fileRef = B6F6DB6B2466E6C3007978D9 /* MenuTableViewCell.swift */; };
		B6F6DB6E2466E6C3007978D9 /* MenuTableViewCell.xib in Resources */ = {isa = PBXBuildFile; fileRef = B6F6DB6C2466E6C3007978D9 /* MenuTableViewCell.xib */; };
		E7AAD268A51613E4B3473D97 /* Pods_TeamSheet.framework in Frameworks */ = {isa = PBXBuildFile; fileRef = E557A2A3BE657EB592C542E3 /* Pods_TeamSheet.framework */; };
/* End PBXBuildFile section */

/* Begin PBXFileReference section */
		33436A15C34CCBF41B228849 /* Pods-TeamSheet.release.xcconfig */ = {isa = PBXFileReference; includeInIndex = 1; lastKnownFileType = text.xcconfig; name = "Pods-TeamSheet.release.xcconfig"; path = "Target Support Files/Pods-TeamSheet/Pods-TeamSheet.release.xcconfig"; sourceTree = "<group>"; };
		B60650AE24700A9E0066BCF5 /* AdMob.swift */ = {isa = PBXFileReference; lastKnownFileType = sourcecode.swift; path = AdMob.swift; sourceTree = "<group>"; };
		B60650B6247026980066BCF5 /* NativeAdView.xib */ = {isa = PBXFileReference; lastKnownFileType = file.xib; path = NativeAdView.xib; sourceTree = "<group>"; };
		B60D4F7B24712772004C5CC6 /* StarRatingImages.swift */ = {isa = PBXFileReference; lastKnownFileType = sourcecode.swift; path = StarRatingImages.swift; sourceTree = "<group>"; };
		B6151F4B225A0123008A9185 /* TeamSheet.app */ = {isa = PBXFileReference; explicitFileType = wrapper.application; includeInIndex = 0; path = TeamSheet.app; sourceTree = BUILT_PRODUCTS_DIR; };
		B6151F4E225A0123008A9185 /* AppDelegate.swift */ = {isa = PBXFileReference; lastKnownFileType = sourcecode.swift; path = AppDelegate.swift; sourceTree = "<group>"; };
		B6151F53225A0123008A9185 /* Base */ = {isa = PBXFileReference; lastKnownFileType = file.storyboard; name = Base; path = Base.lproj/Main.storyboard; sourceTree = "<group>"; };
		B6151F55225A0124008A9185 /* Assets.xcassets */ = {isa = PBXFileReference; lastKnownFileType = folder.assetcatalog; path = Assets.xcassets; sourceTree = "<group>"; };
		B6151F58225A0124008A9185 /* Base */ = {isa = PBXFileReference; lastKnownFileType = file.storyboard; name = Base; path = Base.lproj/LaunchScreen.storyboard; sourceTree = "<group>"; };
		B6151F5A225A0124008A9185 /* Info.plist */ = {isa = PBXFileReference; lastKnownFileType = text.plist.xml; path = Info.plist; sourceTree = "<group>"; };
		B6151F60225A042F008A9185 /* SquadTableViewCell.swift */ = {isa = PBXFileReference; lastKnownFileType = sourcecode.swift; path = SquadTableViewCell.swift; sourceTree = "<group>"; };
		B6151F61225A042F008A9185 /* SquadTableViewCell.xib */ = {isa = PBXFileReference; lastKnownFileType = file.xib; path = SquadTableViewCell.xib; sourceTree = "<group>"; };
		B6151F66225A25AB008A9185 /* PlayerIcon.xib */ = {isa = PBXFileReference; lastKnownFileType = file.xib; path = PlayerIcon.xib; sourceTree = "<group>"; };
		B6151F6A225A277D008A9185 /* PlayerIcon.swift */ = {isa = PBXFileReference; lastKnownFileType = sourcecode.swift; path = PlayerIcon.swift; sourceTree = "<group>"; };
		B655C3E923E70AE3000E6994 /* Player.swift */ = {isa = PBXFileReference; lastKnownFileType = sourcecode.swift; path = Player.swift; sourceTree = "<group>"; };
		B65A2FD8246597140018EC6B /* TabViewController.swift */ = {isa = PBXFileReference; lastKnownFileType = sourcecode.swift; path = TabViewController.swift; sourceTree = "<group>"; };
		B65A2FD9246597140018EC6B /* TabViewController.xib */ = {isa = PBXFileReference; lastKnownFileType = file.xib; path = TabViewController.xib; sourceTree = "<group>"; };
		B65A2FDC24659BA60018EC6B /* TabView.xib */ = {isa = PBXFileReference; lastKnownFileType = file.xib; path = TabView.xib; sourceTree = "<group>"; };
		B65A2FDE24659BB60018EC6B /* TabView.swift */ = {isa = PBXFileReference; lastKnownFileType = sourcecode.swift; path = TabView.swift; sourceTree = "<group>"; };
		B65A2FE22465A5530018EC6B /* SquadViewController.swift */ = {isa = PBXFileReference; lastKnownFileType = sourcecode.swift; path = SquadViewController.swift; sourceTree = "<group>"; };
		B65A2FE32465A5530018EC6B /* SquadViewController.xib */ = {isa = PBXFileReference; lastKnownFileType = file.xib; path = SquadViewController.xib; sourceTree = "<group>"; };
		B66341322467585A00E69178 /* HeaderView.swift */ = {isa = PBXFileReference; lastKnownFileType = sourcecode.swift; path = HeaderView.swift; sourceTree = "<group>"; };
		B66341342467588500E69178 /* HeaderView.xib */ = {isa = PBXFileReference; lastKnownFileType = file.xib; path = HeaderView.xib; sourceTree = "<group>"; };
		B670FBC824547E4B00269044 /* TeamSheet.entitlements */ = {isa = PBXFileReference; lastKnownFileType = text.plist.entitlements; path = TeamSheet.entitlements; sourceTree = "<group>"; };
		B670FBC924547E5500269044 /* CloudKit.framework */ = {isa = PBXFileReference; lastKnownFileType = wrapper.framework; name = CloudKit.framework; path = System/Library/Frameworks/CloudKit.framework; sourceTree = SDKROOT; };
		B67CB28224477C8800C97273 /* Colors.swift */ = {isa = PBXFileReference; lastKnownFileType = sourcecode.swift; path = Colors.swift; sourceTree = "<group>"; };
		B680A00D2455C94A0034E0CC /* PrivateDatabase.swift */ = {isa = PBXFileReference; lastKnownFileType = sourcecode.swift; path = PrivateDatabase.swift; sourceTree = "<group>"; };
		B680A00F2455F00C0034E0CC /* Errors.swift */ = {isa = PBXFileReference; lastKnownFileType = sourcecode.swift; path = Errors.swift; sourceTree = "<group>"; };
		B680A0122455F45F0034E0CC /* AlertPresenter.swift */ = {isa = PBXFileReference; lastKnownFileType = sourcecode.swift; path = AlertPresenter.swift; sourceTree = "<group>"; };
		B6865C092465AA0400284A42 /* PitchViewController.swift */ = {isa = PBXFileReference; lastKnownFileType = sourcecode.swift; path = PitchViewController.swift; sourceTree = "<group>"; };
		B6865C0A2465AA0400284A42 /* PitchViewController.xib */ = {isa = PBXFileReference; lastKnownFileType = file.xib; path = PitchViewController.xib; sourceTree = "<group>"; };
		B6865C152465AF0100284A42 /* RootViewController.swift */ = {isa = PBXFileReference; lastKnownFileType = sourcecode.swift; path = RootViewController.swift; sourceTree = "<group>"; };
		B6929ECA246735320071A6D1 /* LottieAnimation.swift */ = {isa = PBXFileReference; lastKnownFileType = sourcecode.swift; path = LottieAnimation.swift; sourceTree = "<group>"; };
		B6929ECD246736790071A6D1 /* football_bouncing.json */ = {isa = PBXFileReference; fileEncoding = 4; lastKnownFileType = text.json; path = football_bouncing.json; sourceTree = "<group>"; };
		B6AF02972447642700409AB9 /* Extensions.swift */ = {isa = PBXFileReference; lastKnownFileType = sourcecode.swift; path = Extensions.swift; sourceTree = "<group>"; };
		B6CFC4B52465C31200D1F1FB /* SquadMenuView.swift */ = {isa = PBXFileReference; lastKnownFileType = sourcecode.swift; path = SquadMenuView.swift; sourceTree = "<group>"; };
		B6CFC4B72465C34C00D1F1FB /* SquadMenuView.xib */ = {isa = PBXFileReference; lastKnownFileType = file.xib; path = SquadMenuView.xib; sourceTree = "<group>"; };
		B6F6DB642466DC30007978D9 /* SquadStore.swift */ = {isa = PBXFileReference; lastKnownFileType = sourcecode.swift; path = SquadStore.swift; sourceTree = "<group>"; };
		B6F6DB672466E24D007978D9 /* MenuViewController.swift */ = {isa = PBXFileReference; lastKnownFileType = sourcecode.swift; path = MenuViewController.swift; sourceTree = "<group>"; };
		B6F6DB682466E24D007978D9 /* MenuViewController.xib */ = {isa = PBXFileReference; lastKnownFileType = file.xib; path = MenuViewController.xib; sourceTree = "<group>"; };
		B6F6DB6B2466E6C3007978D9 /* MenuTableViewCell.swift */ = {isa = PBXFileReference; lastKnownFileType = sourcecode.swift; path = MenuTableViewCell.swift; sourceTree = "<group>"; };
		B6F6DB6C2466E6C3007978D9 /* MenuTableViewCell.xib */ = {isa = PBXFileReference; lastKnownFileType = file.xib; path = MenuTableViewCell.xib; sourceTree = "<group>"; };
		CBC8CCE496B24DF6637BCDD4 /* Pods-TeamSheet.debug.xcconfig */ = {isa = PBXFileReference; includeInIndex = 1; lastKnownFileType = text.xcconfig; name = "Pods-TeamSheet.debug.xcconfig"; path = "Target Support Files/Pods-TeamSheet/Pods-TeamSheet.debug.xcconfig"; sourceTree = "<group>"; };
		E557A2A3BE657EB592C542E3 /* Pods_TeamSheet.framework */ = {isa = PBXFileReference; explicitFileType = wrapper.framework; includeInIndex = 0; path = Pods_TeamSheet.framework; sourceTree = BUILT_PRODUCTS_DIR; };
/* End PBXFileReference section */

/* Begin PBXFrameworksBuildPhase section */
		B6151F48225A0123008A9185 /* Frameworks */ = {
			isa = PBXFrameworksBuildPhase;
			buildActionMask = 2147483647;
			files = (
				E7AAD268A51613E4B3473D97 /* Pods_TeamSheet.framework in Frameworks */,
				B670FBCA24547E5500269044 /* CloudKit.framework in Frameworks */,
			);
			runOnlyForDeploymentPostprocessing = 0;
		};
/* End PBXFrameworksBuildPhase section */

/* Begin PBXGroup section */
		B60650AD24700A7A0066BCF5 /* Advert */ = {
			isa = PBXGroup;
			children = (
				B60650AE24700A9E0066BCF5 /* AdMob.swift */,
				B60650B6247026980066BCF5 /* NativeAdView.xib */,
			);
			path = Advert;
			sourceTree = "<group>";
		};
		B6151F42225A0123008A9185 = {
			isa = PBXGroup;
			children = (
				B6151F4D225A0123008A9185 /* TeamSheet */,
				B6151F4C225A0123008A9185 /* Products */,
				C5263BA1DFDA138CC65C1AA5 /* Pods */,
				D33AD789BCBF1D3D3971DD16 /* Frameworks */,
			);
			sourceTree = "<group>";
		};
		B6151F4C225A0123008A9185 /* Products */ = {
			isa = PBXGroup;
			children = (
				B6151F4B225A0123008A9185 /* TeamSheet.app */,
			);
			name = Products;
			sourceTree = "<group>";
		};
		B6151F4D225A0123008A9185 /* TeamSheet */ = {
			isa = PBXGroup;
			children = (
				B60650AD24700A7A0066BCF5 /* Advert */,
				B6634131246757FB00E69178 /* Header */,
				B6929ECC2467364A0071A6D1 /* Resources */,
				B6929EC9246735030071A6D1 /* Animation */,
				B6F6DB662466E233007978D9 /* Menu */,
				B6F6DB632466DC12007978D9 /* LocalStorage */,
				B65A2FD7246596DA0018EC6B /* Tab */,
				B680A0112455F4090034E0CC /* Presenter */,
				B680A00C2455C90A0034E0CC /* CloudKit */,
				B670FBC824547E4B00269044 /* TeamSheet.entitlements */,
				B6AF02962447640700409AB9 /* Helpers */,
				B6AF029324474AA200409AB9 /* Squad */,
				B6AF0292244749A700409AB9 /* Player */,
				B6AF0291244748FA00409AB9 /* Pitch */,
				B6151F5A225A0124008A9185 /* Info.plist */,
				B6151F4E225A0123008A9185 /* AppDelegate.swift */,
				B6151F55225A0124008A9185 /* Assets.xcassets */,
				B6151F57225A0124008A9185 /* LaunchScreen.storyboard */,
				B6151F52225A0123008A9185 /* Main.storyboard */,
				B6865C152465AF0100284A42 /* RootViewController.swift */,
			);
			path = TeamSheet;
			sourceTree = "<group>";
		};
		B65A2FD7246596DA0018EC6B /* Tab */ = {
			isa = PBXGroup;
			children = (
				B65A2FD8246597140018EC6B /* TabViewController.swift */,
				B65A2FD9246597140018EC6B /* TabViewController.xib */,
				B65A2FDC24659BA60018EC6B /* TabView.xib */,
				B65A2FDE24659BB60018EC6B /* TabView.swift */,
			);
			path = Tab;
			sourceTree = "<group>";
		};
		B6634131246757FB00E69178 /* Header */ = {
			isa = PBXGroup;
			children = (
				B66341322467585A00E69178 /* HeaderView.swift */,
				B66341342467588500E69178 /* HeaderView.xib */,
			);
			path = Header;
			sourceTree = "<group>";
		};
		B680A00C2455C90A0034E0CC /* CloudKit */ = {
			isa = PBXGroup;
			children = (
				B680A00D2455C94A0034E0CC /* PrivateDatabase.swift */,
				B680A00F2455F00C0034E0CC /* Errors.swift */,
			);
			path = CloudKit;
			sourceTree = "<group>";
		};
		B680A0112455F4090034E0CC /* Presenter */ = {
			isa = PBXGroup;
			children = (
				B680A0122455F45F0034E0CC /* AlertPresenter.swift */,
			);
			path = Presenter;
			sourceTree = "<group>";
		};
		B6929EC9246735030071A6D1 /* Animation */ = {
			isa = PBXGroup;
			children = (
				B6929ECA246735320071A6D1 /* LottieAnimation.swift */,
			);
			path = Animation;
			sourceTree = "<group>";
		};
		B6929ECC2467364A0071A6D1 /* Resources */ = {
			isa = PBXGroup;
			children = (
				B6929ECD246736790071A6D1 /* football_bouncing.json */,
			);
			path = Resources;
			sourceTree = "<group>";
		};
		B6AF0291244748FA00409AB9 /* Pitch */ = {
			isa = PBXGroup;
			children = (
				B6865C092465AA0400284A42 /* PitchViewController.swift */,
				B6865C0A2465AA0400284A42 /* PitchViewController.xib */,
			);
			path = Pitch;
			sourceTree = "<group>";
		};
		B6AF0292244749A700409AB9 /* Player */ = {
			isa = PBXGroup;
			children = (
				B655C3E923E70AE3000E6994 /* Player.swift */,
				B6151F6A225A277D008A9185 /* PlayerIcon.swift */,
				B6151F66225A25AB008A9185 /* PlayerIcon.xib */,
			);
			path = Player;
			sourceTree = "<group>";
		};
		B6AF029324474AA200409AB9 /* Squad */ = {
			isa = PBXGroup;
			children = (
				B6151F60225A042F008A9185 /* SquadTableViewCell.swift */,
				B6151F61225A042F008A9185 /* SquadTableViewCell.xib */,
				B65A2FE22465A5530018EC6B /* SquadViewController.swift */,
				B65A2FE32465A5530018EC6B /* SquadViewController.xib */,
				B6CFC4B52465C31200D1F1FB /* SquadMenuView.swift */,
				B6CFC4B72465C34C00D1F1FB /* SquadMenuView.xib */,
			);
			path = Squad;
			sourceTree = "<group>";
		};
		B6AF02962447640700409AB9 /* Helpers */ = {
			isa = PBXGroup;
			children = (
				B6AF02972447642700409AB9 /* Extensions.swift */,
				B67CB28224477C8800C97273 /* Colors.swift */,
				B60D4F7B24712772004C5CC6 /* StarRatingImages.swift */,
			);
			path = Helpers;
			sourceTree = "<group>";
		};
		B6F6DB632466DC12007978D9 /* LocalStorage */ = {
			isa = PBXGroup;
			children = (
				B6F6DB642466DC30007978D9 /* SquadStore.swift */,
			);
			path = LocalStorage;
			sourceTree = "<group>";
		};
		B6F6DB662466E233007978D9 /* Menu */ = {
			isa = PBXGroup;
			children = (
				B6F6DB672466E24D007978D9 /* MenuViewController.swift */,
				B6F6DB682466E24D007978D9 /* MenuViewController.xib */,
				B6F6DB6B2466E6C3007978D9 /* MenuTableViewCell.swift */,
				B6F6DB6C2466E6C3007978D9 /* MenuTableViewCell.xib */,
			);
			path = Menu;
			sourceTree = "<group>";
		};
		C5263BA1DFDA138CC65C1AA5 /* Pods */ = {
			isa = PBXGroup;
			children = (
				CBC8CCE496B24DF6637BCDD4 /* Pods-TeamSheet.debug.xcconfig */,
				33436A15C34CCBF41B228849 /* Pods-TeamSheet.release.xcconfig */,
			);
			path = Pods;
			sourceTree = "<group>";
		};
		D33AD789BCBF1D3D3971DD16 /* Frameworks */ = {
			isa = PBXGroup;
			children = (
				B670FBC924547E5500269044 /* CloudKit.framework */,
				E557A2A3BE657EB592C542E3 /* Pods_TeamSheet.framework */,
			);
			name = Frameworks;
			sourceTree = "<group>";
		};
/* End PBXGroup section */

/* Begin PBXNativeTarget section */
		B6151F4A225A0123008A9185 /* TeamSheet */ = {
			isa = PBXNativeTarget;
			buildConfigurationList = B6151F5D225A0124008A9185 /* Build configuration list for PBXNativeTarget "TeamSheet" */;
			buildPhases = (
				39ED3E26320786FD42A6B826 /* [CP] Check Pods Manifest.lock */,
				B6151F47225A0123008A9185 /* Sources */,
				B6151F48225A0123008A9185 /* Frameworks */,
				B6151F49225A0123008A9185 /* Resources */,
				EFD7592D6271A6CF75D7967A /* [CP] Embed Pods Frameworks */,
			);
			buildRules = (
			);
			dependencies = (
			);
			name = TeamSheet;
			productName = TeamSheet;
			productReference = B6151F4B225A0123008A9185 /* TeamSheet.app */;
			productType = "com.apple.product-type.application";
		};
/* End PBXNativeTarget section */

/* Begin PBXProject section */
		B6151F43225A0123008A9185 /* Project object */ = {
			isa = PBXProject;
			attributes = {
				LastSwiftUpdateCheck = 1010;
				LastUpgradeCheck = 1010;
				ORGANIZATIONNAME = "Jake Renshaw";
				TargetAttributes = {
					B6151F4A225A0123008A9185 = {
						CreatedOnToolsVersion = 10.1;
					};
				};
			};
			buildConfigurationList = B6151F46225A0123008A9185 /* Build configuration list for PBXProject "TeamSheet" */;
			compatibilityVersion = "Xcode 9.3";
			developmentRegion = en;
			hasScannedForEncodings = 0;
			knownRegions = (
				en,
				Base,
			);
			mainGroup = B6151F42225A0123008A9185;
			productRefGroup = B6151F4C225A0123008A9185 /* Products */;
			projectDirPath = "";
			projectRoot = "";
			targets = (
				B6151F4A225A0123008A9185 /* TeamSheet */,
			);
		};
/* End PBXProject section */

/* Begin PBXResourcesBuildPhase section */
		B6151F49225A0123008A9185 /* Resources */ = {
			isa = PBXResourcesBuildPhase;
			buildActionMask = 2147483647;
			files = (
				B65A2FDB246597140018EC6B /* TabViewController.xib in Resources */,
				B6151F59225A0124008A9185 /* LaunchScreen.storyboard in Resources */,
				B6151F56225A0124008A9185 /* Assets.xcassets in Resources */,
				B65A2FE52465A5530018EC6B /* SquadViewController.xib in Resources */,
				B6865C0C2465AA0400284A42 /* PitchViewController.xib in Resources */,
				B6CFC4B82465C34C00D1F1FB /* SquadMenuView.xib in Resources */,
				B66341352467588500E69178 /* HeaderView.xib in Resources */,
				B60650B7247026980066BCF5 /* NativeAdView.xib in Resources */,
				B6F6DB6E2466E6C3007978D9 /* MenuTableViewCell.xib in Resources */,
				B6F6DB6A2466E24D007978D9 /* MenuViewController.xib in Resources */,
				B6151F67225A25AB008A9185 /* PlayerIcon.xib in Resources */,
				B6151F54225A0123008A9185 /* Main.storyboard in Resources */,
				B65A2FDD24659BA70018EC6B /* TabView.xib in Resources */,
				B6929ECE2467367A0071A6D1 /* football_bouncing.json in Resources */,
				B6151F63225A042F008A9185 /* SquadTableViewCell.xib in Resources */,
			);
			runOnlyForDeploymentPostprocessing = 0;
		};
/* End PBXResourcesBuildPhase section */

/* Begin PBXShellScriptBuildPhase section */
		39ED3E26320786FD42A6B826 /* [CP] Check Pods Manifest.lock */ = {
			isa = PBXShellScriptBuildPhase;
			buildActionMask = 2147483647;
			files = (
			);
			inputFileListPaths = (
			);
			inputPaths = (
				"${PODS_PODFILE_DIR_PATH}/Podfile.lock",
				"${PODS_ROOT}/Manifest.lock",
			);
			name = "[CP] Check Pods Manifest.lock";
			outputFileListPaths = (
			);
			outputPaths = (
				"$(DERIVED_FILE_DIR)/Pods-TeamSheet-checkManifestLockResult.txt",
			);
			runOnlyForDeploymentPostprocessing = 0;
			shellPath = /bin/sh;
			shellScript = "diff \"${PODS_PODFILE_DIR_PATH}/Podfile.lock\" \"${PODS_ROOT}/Manifest.lock\" > /dev/null\nif [ $? != 0 ] ; then\n    # print error to STDERR\n    echo \"error: The sandbox is not in sync with the Podfile.lock. Run 'pod install' or update your CocoaPods installation.\" >&2\n    exit 1\nfi\n# This output is used by Xcode 'outputs' to avoid re-running this script phase.\necho \"SUCCESS\" > \"${SCRIPT_OUTPUT_FILE_0}\"\n";
			showEnvVarsInLog = 0;
		};
		EFD7592D6271A6CF75D7967A /* [CP] Embed Pods Frameworks */ = {
			isa = PBXShellScriptBuildPhase;
			buildActionMask = 2147483647;
			files = (
			);
			inputFileListPaths = (
				"${PODS_ROOT}/Target Support Files/Pods-TeamSheet/Pods-TeamSheet-frameworks-${CONFIGURATION}-input-files.xcfilelist",
			);
			name = "[CP] Embed Pods Frameworks";
			outputFileListPaths = (
				"${PODS_ROOT}/Target Support Files/Pods-TeamSheet/Pods-TeamSheet-frameworks-${CONFIGURATION}-output-files.xcfilelist",
			);
			runOnlyForDeploymentPostprocessing = 0;
			shellPath = /bin/sh;
			shellScript = "\"${PODS_ROOT}/Target Support Files/Pods-TeamSheet/Pods-TeamSheet-frameworks.sh\"\n";
			showEnvVarsInLog = 0;
		};
/* End PBXShellScriptBuildPhase section */

/* Begin PBXSourcesBuildPhase section */
		B6151F47225A0123008A9185 /* Sources */ = {
			isa = PBXSourcesBuildPhase;
			buildActionMask = 2147483647;
			files = (
				B60D4F7C24712772004C5CC6 /* StarRatingImages.swift in Sources */,
				B6F6DB652466DC30007978D9 /* SquadStore.swift in Sources */,
				B67CB28324477C8800C97273 /* Colors.swift in Sources */,
				B6151F6B225A277D008A9185 /* PlayerIcon.swift in Sources */,
				B65A2FE42465A5530018EC6B /* SquadViewController.swift in Sources */,
				B6151F4F225A0123008A9185 /* AppDelegate.swift in Sources */,
				B65A2FDF24659BB60018EC6B /* TabView.swift in Sources */,
				B6865C162465AF0100284A42 /* RootViewController.swift in Sources */,
				B60650AF24700A9E0066BCF5 /* AdMob.swift in Sources */,
				B6929ECB246735320071A6D1 /* LottieAnimation.swift in Sources */,
				B65A2FDA246597140018EC6B /* TabViewController.swift in Sources */,
				B6AF02982447642700409AB9 /* Extensions.swift in Sources */,
				B6151F62225A042F008A9185 /* SquadTableViewCell.swift in Sources */,
				B655C3EA23E70AE3000E6994 /* Player.swift in Sources */,
				B680A0102455F00C0034E0CC /* Errors.swift in Sources */,
				B6F6DB692466E24D007978D9 /* MenuViewController.swift in Sources */,
				B6CFC4B62465C31200D1F1FB /* SquadMenuView.swift in Sources */,
				B66341332467585A00E69178 /* HeaderView.swift in Sources */,
				B6F6DB6D2466E6C3007978D9 /* MenuTableViewCell.swift in Sources */,
				B6865C0B2465AA0400284A42 /* PitchViewController.swift in Sources */,
				B680A00E2455C94A0034E0CC /* PrivateDatabase.swift in Sources */,
				B680A0132455F45F0034E0CC /* AlertPresenter.swift in Sources */,
			);
			runOnlyForDeploymentPostprocessing = 0;
		};
/* End PBXSourcesBuildPhase section */

/* Begin PBXVariantGroup section */
		B6151F52225A0123008A9185 /* Main.storyboard */ = {
			isa = PBXVariantGroup;
			children = (
				B6151F53225A0123008A9185 /* Base */,
			);
			name = Main.storyboard;
			sourceTree = "<group>";
		};
		B6151F57225A0124008A9185 /* LaunchScreen.storyboard */ = {
			isa = PBXVariantGroup;
			children = (
				B6151F58225A0124008A9185 /* Base */,
			);
			name = LaunchScreen.storyboard;
			sourceTree = "<group>";
		};
/* End PBXVariantGroup section */

/* Begin XCBuildConfiguration section */
		B6151F5B225A0124008A9185 /* Debug */ = {
			isa = XCBuildConfiguration;
			buildSettings = {
				ALWAYS_SEARCH_USER_PATHS = NO;
				CLANG_ANALYZER_NONNULL = YES;
				CLANG_ANALYZER_NUMBER_OBJECT_CONVERSION = YES_AGGRESSIVE;
				CLANG_CXX_LANGUAGE_STANDARD = "gnu++14";
				CLANG_CXX_LIBRARY = "libc++";
				CLANG_ENABLE_MODULES = YES;
				CLANG_ENABLE_OBJC_ARC = YES;
				CLANG_ENABLE_OBJC_WEAK = YES;
				CLANG_WARN_BLOCK_CAPTURE_AUTORELEASING = YES;
				CLANG_WARN_BOOL_CONVERSION = YES;
				CLANG_WARN_COMMA = YES;
				CLANG_WARN_CONSTANT_CONVERSION = YES;
				CLANG_WARN_DEPRECATED_OBJC_IMPLEMENTATIONS = YES;
				CLANG_WARN_DIRECT_OBJC_ISA_USAGE = YES_ERROR;
				CLANG_WARN_DOCUMENTATION_COMMENTS = YES;
				CLANG_WARN_EMPTY_BODY = YES;
				CLANG_WARN_ENUM_CONVERSION = YES;
				CLANG_WARN_INFINITE_RECURSION = YES;
				CLANG_WARN_INT_CONVERSION = YES;
				CLANG_WARN_NON_LITERAL_NULL_CONVERSION = YES;
				CLANG_WARN_OBJC_IMPLICIT_RETAIN_SELF = YES;
				CLANG_WARN_OBJC_LITERAL_CONVERSION = YES;
				CLANG_WARN_OBJC_ROOT_CLASS = YES_ERROR;
				CLANG_WARN_RANGE_LOOP_ANALYSIS = YES;
				CLANG_WARN_STRICT_PROTOTYPES = YES;
				CLANG_WARN_SUSPICIOUS_MOVE = YES;
				CLANG_WARN_UNGUARDED_AVAILABILITY = YES_AGGRESSIVE;
				CLANG_WARN_UNREACHABLE_CODE = YES;
				CLANG_WARN__DUPLICATE_METHOD_MATCH = YES;
				CODE_SIGN_IDENTITY = "iPhone Developer";
				COPY_PHASE_STRIP = NO;
				DEBUG_INFORMATION_FORMAT = dwarf;
				ENABLE_STRICT_OBJC_MSGSEND = YES;
				ENABLE_TESTABILITY = YES;
				GCC_C_LANGUAGE_STANDARD = gnu11;
				GCC_DYNAMIC_NO_PIC = NO;
				GCC_NO_COMMON_BLOCKS = YES;
				GCC_OPTIMIZATION_LEVEL = 0;
				GCC_PREPROCESSOR_DEFINITIONS = (
					"DEBUG=1",
					"$(inherited)",
				);
				GCC_WARN_64_TO_32_BIT_CONVERSION = YES;
				GCC_WARN_ABOUT_RETURN_TYPE = YES_ERROR;
				GCC_WARN_UNDECLARED_SELECTOR = YES;
				GCC_WARN_UNINITIALIZED_AUTOS = YES_AGGRESSIVE;
				GCC_WARN_UNUSED_FUNCTION = YES;
				GCC_WARN_UNUSED_VARIABLE = YES;
				IPHONEOS_DEPLOYMENT_TARGET = 12.0;
				MTL_ENABLE_DEBUG_INFO = INCLUDE_SOURCE;
				MTL_FAST_MATH = YES;
				ONLY_ACTIVE_ARCH = YES;
				SDKROOT = iphoneos;
				SWIFT_ACTIVE_COMPILATION_CONDITIONS = DEBUG;
				SWIFT_OPTIMIZATION_LEVEL = "-Onone";
			};
			name = Debug;
		};
		B6151F5C225A0124008A9185 /* Release */ = {
			isa = XCBuildConfiguration;
			buildSettings = {
				ALWAYS_SEARCH_USER_PATHS = NO;
				CLANG_ANALYZER_NONNULL = YES;
				CLANG_ANALYZER_NUMBER_OBJECT_CONVERSION = YES_AGGRESSIVE;
				CLANG_CXX_LANGUAGE_STANDARD = "gnu++14";
				CLANG_CXX_LIBRARY = "libc++";
				CLANG_ENABLE_MODULES = YES;
				CLANG_ENABLE_OBJC_ARC = YES;
				CLANG_ENABLE_OBJC_WEAK = YES;
				CLANG_WARN_BLOCK_CAPTURE_AUTORELEASING = YES;
				CLANG_WARN_BOOL_CONVERSION = YES;
				CLANG_WARN_COMMA = YES;
				CLANG_WARN_CONSTANT_CONVERSION = YES;
				CLANG_WARN_DEPRECATED_OBJC_IMPLEMENTATIONS = YES;
				CLANG_WARN_DIRECT_OBJC_ISA_USAGE = YES_ERROR;
				CLANG_WARN_DOCUMENTATION_COMMENTS = YES;
				CLANG_WARN_EMPTY_BODY = YES;
				CLANG_WARN_ENUM_CONVERSION = YES;
				CLANG_WARN_INFINITE_RECURSION = YES;
				CLANG_WARN_INT_CONVERSION = YES;
				CLANG_WARN_NON_LITERAL_NULL_CONVERSION = YES;
				CLANG_WARN_OBJC_IMPLICIT_RETAIN_SELF = YES;
				CLANG_WARN_OBJC_LITERAL_CONVERSION = YES;
				CLANG_WARN_OBJC_ROOT_CLASS = YES_ERROR;
				CLANG_WARN_RANGE_LOOP_ANALYSIS = YES;
				CLANG_WARN_STRICT_PROTOTYPES = YES;
				CLANG_WARN_SUSPICIOUS_MOVE = YES;
				CLANG_WARN_UNGUARDED_AVAILABILITY = YES_AGGRESSIVE;
				CLANG_WARN_UNREACHABLE_CODE = YES;
				CLANG_WARN__DUPLICATE_METHOD_MATCH = YES;
				CODE_SIGN_IDENTITY = "iPhone Developer";
				COPY_PHASE_STRIP = NO;
				DEBUG_INFORMATION_FORMAT = "dwarf-with-dsym";
				ENABLE_NS_ASSERTIONS = NO;
				ENABLE_STRICT_OBJC_MSGSEND = YES;
				GCC_C_LANGUAGE_STANDARD = gnu11;
				GCC_NO_COMMON_BLOCKS = YES;
				GCC_WARN_64_TO_32_BIT_CONVERSION = YES;
				GCC_WARN_ABOUT_RETURN_TYPE = YES_ERROR;
				GCC_WARN_UNDECLARED_SELECTOR = YES;
				GCC_WARN_UNINITIALIZED_AUTOS = YES_AGGRESSIVE;
				GCC_WARN_UNUSED_FUNCTION = YES;
				GCC_WARN_UNUSED_VARIABLE = YES;
				IPHONEOS_DEPLOYMENT_TARGET = 12.0;
				MTL_ENABLE_DEBUG_INFO = NO;
				MTL_FAST_MATH = YES;
				SDKROOT = iphoneos;
				SWIFT_COMPILATION_MODE = wholemodule;
				SWIFT_OPTIMIZATION_LEVEL = "-O";
				VALIDATE_PRODUCT = YES;
			};
			name = Release;
		};
		B6151F5E225A0124008A9185 /* Debug */ = {
			isa = XCBuildConfiguration;
			baseConfigurationReference = CBC8CCE496B24DF6637BCDD4 /* Pods-TeamSheet.debug.xcconfig */;
			buildSettings = {
				ASSETCATALOG_COMPILER_APPICON_NAME = AppIcon;
				CODE_SIGN_ENTITLEMENTS = TeamSheet/TeamSheet.entitlements;
				CODE_SIGN_STYLE = Automatic;
				DEVELOPMENT_TEAM = HYR5KL46R6;
				INFOPLIST_FILE = TeamSheet/Info.plist;
				IPHONEOS_DEPLOYMENT_TARGET = 11.1;
				LD_RUNPATH_SEARCH_PATHS = (
					"$(inherited)",
					"@executable_path/Frameworks",
				);
				MARKETING_VERSION = 2.0;
				PRODUCT_BUNDLE_IDENTIFIER = JakeRenshaw.TeamSheet;
				PRODUCT_NAME = "$(TARGET_NAME)";
				SWIFT_VERSION = 4.2;
				TARGETED_DEVICE_FAMILY = "1,2";
			};
			name = Debug;
		};
		B6151F5F225A0124008A9185 /* Release */ = {
			isa = XCBuildConfiguration;
			baseConfigurationReference = 33436A15C34CCBF41B228849 /* Pods-TeamSheet.release.xcconfig */;
			buildSettings = {
				ASSETCATALOG_COMPILER_APPICON_NAME = AppIcon;
				CODE_SIGN_ENTITLEMENTS = TeamSheet/TeamSheet.entitlements;
				CODE_SIGN_STYLE = Automatic;
				DEVELOPMENT_TEAM = HYR5KL46R6;
				INFOPLIST_FILE = TeamSheet/Info.plist;
				IPHONEOS_DEPLOYMENT_TARGET = 11.1;
				LD_RUNPATH_SEARCH_PATHS = (
					"$(inherited)",
					"@executable_path/Frameworks",
				);
				MARKETING_VERSION = 2.0;
				PRODUCT_BUNDLE_IDENTIFIER = JakeRenshaw.TeamSheet;
				PRODUCT_NAME = "$(TARGET_NAME)";
				SWIFT_VERSION = 4.2;
				TARGETED_DEVICE_FAMILY = "1,2";
			};
			name = Release;
		};
/* End XCBuildConfiguration section */

/* Begin XCConfigurationList section */
		B6151F46225A0123008A9185 /* Build configuration list for PBXProject "TeamSheet" */ = {
			isa = XCConfigurationList;
			buildConfigurations = (
				B6151F5B225A0124008A9185 /* Debug */,
				B6151F5C225A0124008A9185 /* Release */,
			);
			defaultConfigurationIsVisible = 0;
			defaultConfigurationName = Release;
		};
		B6151F5D225A0124008A9185 /* Build configuration list for PBXNativeTarget "TeamSheet" */ = {
			isa = XCConfigurationList;
			buildConfigurations = (
				B6151F5E225A0124008A9185 /* Debug */,
				B6151F5F225A0124008A9185 /* Release */,
			);
			defaultConfigurationIsVisible = 0;
			defaultConfigurationName = Release;
		};
/* End XCConfigurationList section */
	};
	rootObject = B6151F43225A0123008A9185 /* Project object */;
}
